
Microsoft Visual Studio Solution File, Format Version 12.00
# Visual Studio Version 17
VisualStudioVersion = 17.8.34525.116
MinimumVisualStudioVersion = 10.0.40219.1
Project("{FAE04EC0-301F-11D3-BF4B-00C04F79EFBC}") = "AdminPdfReaderApp", "AdminPdfReaderApp\AdminPdfReaderApp.csproj", "{68608B89-16A8-48C2-815F-0519EBE92447}"
EndProject
Global
	GlobalSection(SolutionConfigurationPlatforms) = preSolution
		Debug|Any CPU = Debug|Any CPU
		Release|Any CPU = Release|Any CPU
	EndGlobalSection
	GlobalSection(ProjectConfigurationPlatforms) = postSolution
		{68608B89-16A8-48C2-815F-0519EBE92447}.Debug|Any CPU.ActiveCfg = Debug|Any CPU
		{68608B89-16A8-48C2-815F-0519EBE92447}.Debug|Any CPU.Build.0 = Debug|Any CPU
		{68608B89-16A8-48C2-815F-0519EBE92447}.Release|Any CPU.ActiveCfg = Release|Any CPU
		{68608B89-16A8-48C2-815F-0519EBE92447}.Release|Any CPU.Build.0 = Release|Any CPU
	EndGlobalSection
	GlobalSection(SolutionProperties) = preSolution
		HideSolutionNode = FALSE
	EndGlobalSection
	GlobalSection(ExtensibilityGlobals) = postSolution
		SolutionGuid = {9958147C-42B6-48EC-80FC-D4DBB2CA43B8}
	EndGlobalSection
EndGlobal
